
Microsoft Visual Studio Solution File, Format Version 12.00
# Visual Studio Version 17
VisualStudioVersion = 17.2.32526.322
MinimumVisualStudioVersion = 10.0.40219.1
Project("{FAE04EC0-301F-11D3-BF4B-00C04F79EFBC}") = "GrandSmetaReader", "TestWpfApp\GrandSmetaReader.csproj", "{96BAE627-A1CD-4A08-8839-C00D71059BB3}"
EndProject
Global
	GlobalSection(SolutionConfigurationPlatforms) = preSolution
		Debug|Any CPU = Debug|Any CPU
		Release|Any CPU = Release|Any CPU
	EndGlobalSection
	GlobalSection(ProjectConfigurationPlatforms) = postSolution
		{96BAE627-A1CD-4A08-8839-C00D71059BB3}.Debug|Any CPU.ActiveCfg = Debug|Any CPU
		{96BAE627-A1CD-4A08-8839-C00D71059BB3}.Debug|Any CPU.Build.0 = Debug|Any CPU
		{96BAE627-A1CD-4A08-8839-C00D71059BB3}.Release|Any CPU.ActiveCfg = Release|Any CPU
		{96BAE627-A1CD-4A08-8839-C00D71059BB3}.Release|Any CPU.Build.0 = Release|Any CPU
	EndGlobalSection
	GlobalSection(SolutionProperties) = preSolution
		HideSolutionNode = FALSE
	EndGlobalSection
	GlobalSection(ExtensibilityGlobals) = postSolution
		SolutionGuid = {B34D8501-273E-48F3-8BC4-33572F845610}
	EndGlobalSection
EndGlobal
